{
  "requires": true,
  "lockfileVersion": 1,
  "dependencies": {
    "jquery": {
      "version": "3.3.1",
      "resolved": "https://registry.npmjs.org/jquery/-/jquery-3.3.1.tgz",
      "integrity": "sha512-Ubldcmxp5np52/ENotGxlLe6aGMvmF4R8S6tZjsP6Knsaxd/xp3Zrh50cG93lR6nPXyUFwzN3ZSOQI0wRJNdGg=="
    },
    "merge": {
      "version": "1.2.0",
      "resolved": "https://registry.npmjs.org/merge/-/merge-1.2.0.tgz",
      "integrity": "sha1-dTHjnUlJwoGma4xabgJl6LBYlNo="
    },
    "postmark": {
      "version": "1.5.0",
      "resolved": "https://registry.npmjs.org/postmark/-/postmark-1.5.0.tgz",
      "integrity": "sha512-1Z/svVnMjPHiz4Z+PNTZQGeDOcDZeNo2+fA0phcMmcxtw/9DT89baoS3UhICMpCEDomqzlrgZWNA2JI63dgACQ==",
      "requires": {
        "merge": "1.2.0"
      }
    }
  }
}
