{
  "requires": true,
  "lockfileVersion": 1,
  "dependencies": {
    "merge": {
      "version": "1.2.0",
      "resolved": "https://registry.npmjs.org/merge/-/merge-1.2.0.tgz",
      "integrity": "sha1-dTHjnUlJwoGma4xabgJl6LBYlNo="
    },
    "postmark": {
      "version": "1.5.0",
      "resolved": "https://registry.npmjs.org/postmark/-/postmark-1.5.0.tgz",
      "integrity": "sha512-1Z/svVnMjPHiz4Z+PNTZQGeDOcDZeNo2+fA0phcMmcxtw/9DT89baoS3UhICMpCEDomqzlrgZWNA2JI63dgACQ==",
      "requires": {
        "merge": "1.2.0"
      }
    }
  }
}
